// !$*UTF8*$!
{
	archiveVersion = 1;
	classes = {
	};
	objectVersion = 46;
	objects = {

/* Begin PBXBuildFile section */
		630BF03C1BF1DC1F002D36B5 /* main.m in Sources */ = {isa = PBXBuildFile; fileRef = 630BF03B1BF1DC1F002D36B5 /* main.m */; };
		630BF03F1BF1DC1F002D36B5 /* AppDelegate.m in Sources */ = {isa = PBXBuildFile; fileRef = 630BF03E1BF1DC1F002D36B5 /* AppDelegate.m */; };
		630BF0451BF1DC1F002D36B5 /* Main.storyboard in Resources */ = {isa = PBXBuildFile; fileRef = 630BF0431BF1DC1F002D36B5 /* Main.storyboard */; };
		630BF0471BF1DC1F002D36B5 /* Assets.xcassets in Resources */ = {isa = PBXBuildFile; fileRef = 630BF0461BF1DC1F002D36B5 /* Assets.xcassets */; };
		630BF04A1BF1DC1F002D36B5 /* LaunchScreen.storyboard in Resources */ = {isa = PBXBuildFile; fileRef = 630BF0481BF1DC1F002D36B5 /* LaunchScreen.storyboard */; };
		630BF0551BF1DC20002D36B5 /* Lab7Tests.m in Sources */ = {isa = PBXBuildFile; fileRef = 630BF0541BF1DC20002D36B5 /* Lab7Tests.m */; };
		630BF0601BF1DC20002D36B5 /* Lab7UITests.m in Sources */ = {isa = PBXBuildFile; fileRef = 630BF05F1BF1DC20002D36B5 /* Lab7UITests.m */; };
		630BF0741BF2BF27002D36B5 /* PlacesModel.m in Sources */ = {isa = PBXBuildFile; fileRef = 630BF0731BF2BF27002D36B5 /* PlacesModel.m */; };
		632084361BF3C0E10066715F /* CollectionViewController.m in Sources */ = {isa = PBXBuildFile; fileRef = 632084351BF3C0E10066715F /* CollectionViewController.m */; };
		632084431BF3CE3D0066715F /* Places.plist in Resources */ = {isa = PBXBuildFile; fileRef = 632084421BF3CE3D0066715F /* Places.plist */; };
		632084461BF3DAE60066715F /* PlaceCollectionViewCell.m in Sources */ = {isa = PBXBuildFile; fileRef = 632084451BF3DAE60066715F /* PlaceCollectionViewCell.m */; };
		633AE7AA1BF3FC4D00806F9C /* PlaceDetailViewController.m in Sources */ = {isa = PBXBuildFile; fileRef = 633AE7A91BF3FC4D00806F9C /* PlaceDetailViewController.m */; };
/* End PBXBuildFile section */

/* Begin PBXContainerItemProxy section */
		630BF0511BF1DC20002D36B5 /* PBXContainerItemProxy */ = {
			isa = PBXContainerItemProxy;
			containerPortal = 630BF02F1BF1DC1F002D36B5 /* Project object */;
			proxyType = 1;
			remoteGlobalIDString = 630BF0361BF1DC1F002D36B5;
			remoteInfo = Lab7;
		};
		630BF05C1BF1DC20002D36B5 /* PBXContainerItemProxy */ = {
			isa = PBXContainerItemProxy;
			containerPortal = 630BF02F1BF1DC1F002D36B5 /* Project object */;
			proxyType = 1;
			remoteGlobalIDString = 630BF0361BF1DC1F002D36B5;
			remoteInfo = Lab7;
		};
/* End PBXContainerItemProxy section */

/* Begin PBXFileReference section */
		630BF0371BF1DC1F002D36B5 /* Lab7.app */ = {isa = PBXFileReference; explicitFileType = wrapper.application; includeInIndex = 0; path = Lab7.app; sourceTree = BUILT_PRODUCTS_DIR; };
		630BF03B1BF1DC1F002D36B5 /* main.m */ = {isa = PBXFileReference; lastKnownFileType = sourcecode.c.objc; path = main.m; sourceTree = "<group>"; };
		630BF03D1BF1DC1F002D36B5 /* AppDelegate.h */ = {isa = PBXFileReference; lastKnownFileType = sourcecode.c.h; path = AppDelegate.h; sourceTree = "<group>"; };
		630BF03E1BF1DC1F002D36B5 /* AppDelegate.m */ = {isa = PBXFileReference; lastKnownFileType = sourcecode.c.objc; path = AppDelegate.m; sourceTree = "<group>"; };
		630BF0441BF1DC1F002D36B5 /* Base */ = {isa = PBXFileReference; lastKnownFileType = file.storyboard; name = Base; path = Base.lproj/Main.storyboard; sourceTree = "<group>"; };
		630BF0461BF1DC1F002D36B5 /* Assets.xcassets */ = {isa = PBXFileReference; lastKnownFileType = folder.assetcatalog; path = Assets.xcassets; sourceTree = "<group>"; };
		630BF0491BF1DC1F002D36B5 /* Base */ = {isa = PBXFileReference; lastKnownFileType = file.storyboard; name = Base; path = Base.lproj/LaunchScreen.storyboard; sourceTree = "<group>"; };
		630BF04B1BF1DC1F002D36B5 /* Info.plist */ = {isa = PBXFileReference; lastKnownFileType = text.plist.xml; path = Info.plist; sourceTree = "<group>"; };
		630BF0501BF1DC20002D36B5 /* Lab7Tests.xctest */ = {isa = PBXFileReference; explicitFileType = wrapper.cfbundle; includeInIndex = 0; path = Lab7Tests.xctest; sourceTree = BUILT_PRODUCTS_DIR; };
		630BF0541BF1DC20002D36B5 /* Lab7Tests.m */ = {isa = PBXFileReference; lastKnownFileType = sourcecode.c.objc; path = Lab7Tests.m; sourceTree = "<group>"; };
		630BF0561BF1DC20002D36B5 /* Info.plist */ = {isa = PBXFileReference; lastKnownFileType = text.plist.xml; path = Info.plist; sourceTree = "<group>"; };
		630BF05B1BF1DC20002D36B5 /* Lab7UITests.xctest */ = {isa = PBXFileReference; explicitFileType = wrapper.cfbundle; includeInIndex = 0; path = Lab7UITests.xctest; sourceTree = BUILT_PRODUCTS_DIR; };
		630BF05F1BF1DC20002D36B5 /* Lab7UITests.m */ = {isa = PBXFileReference; lastKnownFileType = sourcecode.c.objc; path = Lab7UITests.m; sourceTree = "<group>"; };
		630BF0611BF1DC20002D36B5 /* Info.plist */ = {isa = PBXFileReference; lastKnownFileType = text.plist.xml; path = Info.plist; sourceTree = "<group>"; };
		630BF0721BF2BF27002D36B5 /* PlacesModel.h */ = {isa = PBXFileReference; fileEncoding = 4; lastKnownFileType = sourcecode.c.h; path = PlacesModel.h; sourceTree = "<group>"; };
		630BF0731BF2BF27002D36B5 /* PlacesModel.m */ = {isa = PBXFileReference; fileEncoding = 4; lastKnownFileType = sourcecode.c.objc; path = PlacesModel.m; sourceTree = "<group>"; };
		632084341BF3C0E10066715F /* CollectionViewController.h */ = {isa = PBXFileReference; fileEncoding = 4; lastKnownFileType = sourcecode.c.h; path = CollectionViewController.h; sourceTree = "<group>"; };
		632084351BF3C0E10066715F /* CollectionViewController.m */ = {isa = PBXFileReference; fileEncoding = 4; lastKnownFileType = sourcecode.c.objc; path = CollectionViewController.m; sourceTree = "<group>"; };
		632084421BF3CE3D0066715F /* Places.plist */ = {isa = PBXFileReference; fileEncoding = 4; lastKnownFileType = text.plist.xml; name = Places.plist; path = ../Places.plist; sourceTree = "<group>"; };
		632084441BF3DAE60066715F /* PlaceCollectionViewCell.h */ = {isa = PBXFileReference; fileEncoding = 4; lastKnownFileType = sourcecode.c.h; path = PlaceCollectionViewCell.h; sourceTree = "<group>"; };
		632084451BF3DAE60066715F /* PlaceCollectionViewCell.m */ = {isa = PBXFileReference; fileEncoding = 4; lastKnownFileType = sourcecode.c.objc; path = PlaceCollectionViewCell.m; sourceTree = "<group>"; };
		633AE7A81BF3FC4D00806F9C /* PlaceDetailViewController.h */ = {isa = PBXFileReference; fileEncoding = 4; lastKnownFileType = sourcecode.c.h; path = PlaceDetailViewController.h; sourceTree = "<group>"; };
		633AE7A91BF3FC4D00806F9C /* PlaceDetailViewController.m */ = {isa = PBXFileReference; fileEncoding = 4; lastKnownFileType = sourcecode.c.objc; path = PlaceDetailViewController.m; sourceTree = "<group>"; };
/* End PBXFileReference section */

/* Begin PBXFrameworksBuildPhase section */
		630BF0341BF1DC1F002D36B5 /* Frameworks */ = {
			isa = PBXFrameworksBuildPhase;
			buildActionMask = 2147483647;
			files = (
			);
			runOnlyForDeploymentPostprocessing = 0;
		};
		630BF04D1BF1DC20002D36B5 /* Frameworks */ = {
			isa = PBXFrameworksBuildPhase;
			buildActionMask = 2147483647;
			files = (
			);
			runOnlyForDeploymentPostprocessing = 0;
		};
		630BF0581BF1DC20002D36B5 /* Frameworks */ = {
			isa = PBXFrameworksBuildPhase;
			buildActionMask = 2147483647;
			files = (
			);
			runOnlyForDeploymentPostprocessing = 0;
		};
/* End PBXFrameworksBuildPhase section */

/* Begin PBXGroup section */
		630BF02E1BF1DC1F002D36B5 = {
			isa = PBXGroup;
			children = (
				630BF0391BF1DC1F002D36B5 /* Lab7 */,
				630BF0531BF1DC20002D36B5 /* Lab7Tests */,
				630BF05E1BF1DC20002D36B5 /* Lab7UITests */,
				630BF0381BF1DC1F002D36B5 /* Products */,
			);
			sourceTree = "<group>";
		};
		630BF0381BF1DC1F002D36B5 /* Products */ = {
			isa = PBXGroup;
			children = (
				630BF0371BF1DC1F002D36B5 /* Lab7.app */,
				630BF0501BF1DC20002D36B5 /* Lab7Tests.xctest */,
				630BF05B1BF1DC20002D36B5 /* Lab7UITests.xctest */,
			);
			name = Products;
			sourceTree = "<group>";
		};
		630BF0391BF1DC1F002D36B5 /* Lab7 */ = {
			isa = PBXGroup;
			children = (
				630BF03D1BF1DC1F002D36B5 /* AppDelegate.h */,
				630BF03E1BF1DC1F002D36B5 /* AppDelegate.m */,
				630BF0721BF2BF27002D36B5 /* PlacesModel.h */,
				630BF0731BF2BF27002D36B5 /* PlacesModel.m */,
				633AE7A81BF3FC4D00806F9C /* PlaceDetailViewController.h */,
				633AE7A91BF3FC4D00806F9C /* PlaceDetailViewController.m */,
				632084441BF3DAE60066715F /* PlaceCollectionViewCell.h */,
				632084451BF3DAE60066715F /* PlaceCollectionViewCell.m */,
				632084341BF3C0E10066715F /* CollectionViewController.h */,
				632084351BF3C0E10066715F /* CollectionViewController.m */,
				630BF0431BF1DC1F002D36B5 /* Main.storyboard */,
				630BF0461BF1DC1F002D36B5 /* Assets.xcassets */,
				630BF0481BF1DC1F002D36B5 /* LaunchScreen.storyboard */,
				632084421BF3CE3D0066715F /* Places.plist */,
				630BF04B1BF1DC1F002D36B5 /* Info.plist */,
				630BF03A1BF1DC1F002D36B5 /* Supporting Files */,
			);
			path = Lab7;
			sourceTree = "<group>";
		};
		630BF03A1BF1DC1F002D36B5 /* Supporting Files */ = {
			isa = PBXGroup;
			children = (
				630BF03B1BF1DC1F002D36B5 /* main.m */,
			);
			name = "Supporting Files";
			sourceTree = "<group>";
		};
		630BF0531BF1DC20002D36B5 /* Lab7Tests */ = {
			isa = PBXGroup;
			children = (
				630BF0541BF1DC20002D36B5 /* Lab7Tests.m */,
				630BF0561BF1DC20002D36B5 /* Info.plist */,
			);
			path = Lab7Tests;
			sourceTree = "<group>";
		};
		630BF05E1BF1DC20002D36B5 /* Lab7UITests */ = {
			isa = PBXGroup;
			children = (
				630BF05F1BF1DC20002D36B5 /* Lab7UITests.m */,
				630BF0611BF1DC20002D36B5 /* Info.plist */,
			);
			path = Lab7UITests;
			sourceTree = "<group>";
		};
/* End PBXGroup section */

/* Begin PBXNativeTarget section */
		630BF0361BF1DC1F002D36B5 /* Lab7 */ = {
			isa = PBXNativeTarget;
			buildConfigurationList = 630BF0641BF1DC20002D36B5 /* Build configuration list for PBXNativeTarget "Lab7" */;
			buildPhases = (
				630BF0331BF1DC1F002D36B5 /* Sources */,
				630BF0341BF1DC1F002D36B5 /* Frameworks */,
				630BF0351BF1DC1F002D36B5 /* Resources */,
			);
			buildRules = (
			);
			dependencies = (
			);
			name = Lab7;
			productName = Lab7;
			productReference = 630BF0371BF1DC1F002D36B5 /* Lab7.app */;
			productType = "com.apple.product-type.application";
		};
		630BF04F1BF1DC20002D36B5 /* Lab7Tests */ = {
			isa = PBXNativeTarget;
			buildConfigurationList = 630BF0671BF1DC20002D36B5 /* Build configuration list for PBXNativeTarget "Lab7Tests" */;
			buildPhases = (
				630BF04C1BF1DC20002D36B5 /* Sources */,
				630BF04D1BF1DC20002D36B5 /* Frameworks */,
				630BF04E1BF1DC20002D36B5 /* Resources */,
			);
			buildRules = (
			);
			dependencies = (
				630BF0521BF1DC20002D36B5 /* PBXTargetDependency */,
			);
			name = Lab7Tests;
			productName = Lab7Tests;
			productReference = 630BF0501BF1DC20002D36B5 /* Lab7Tests.xctest */;
			productType = "com.apple.product-type.bundle.unit-test";
		};
		630BF05A1BF1DC20002D36B5 /* Lab7UITests */ = {
			isa = PBXNativeTarget;
			buildConfigurationList = 630BF06A1BF1DC20002D36B5 /* Build configuration list for PBXNativeTarget "Lab7UITests" */;
			buildPhases = (
				630BF0571BF1DC20002D36B5 /* Sources */,
				630BF0581BF1DC20002D36B5 /* Frameworks */,
				630BF0591BF1DC20002D36B5 /* Resources */,
			);
			buildRules = (
			);
			dependencies = (
				630BF05D1BF1DC20002D36B5 /* PBXTargetDependency */,
			);
			name = Lab7UITests;
			productName = Lab7UITests;
			productReference = 630BF05B1BF1DC20002D36B5 /* Lab7UITests.xctest */;
			productType = "com.apple.product-type.bundle.ui-testing";
		};
/* End PBXNativeTarget section */

/* Begin PBXProject section */
		630BF02F1BF1DC1F002D36B5 /* Project object */ = {
			isa = PBXProject;
			attributes = {
				LastUpgradeCheck = 0710;
				ORGANIZATIONNAME = "David Richardson";
				TargetAttributes = {
					630BF0361BF1DC1F002D36B5 = {
						CreatedOnToolsVersion = 7.1;
					};
					630BF04F1BF1DC20002D36B5 = {
						CreatedOnToolsVersion = 7.1;
						TestTargetID = 630BF0361BF1DC1F002D36B5;
					};
					630BF05A1BF1DC20002D36B5 = {
						CreatedOnToolsVersion = 7.1;
						TestTargetID = 630BF0361BF1DC1F002D36B5;
					};
				};
			};
			buildConfigurationList = 630BF0321BF1DC1F002D36B5 /* Build configuration list for PBXProject "Lab7" */;
			compatibilityVersion = "Xcode 3.2";
			developmentRegion = English;
			hasScannedForEncodings = 0;
			knownRegions = (
				en,
				Base,
			);
			mainGroup = 630BF02E1BF1DC1F002D36B5;
			productRefGroup = 630BF0381BF1DC1F002D36B5 /* Products */;
			projectDirPath = "";
			projectRoot = "";
			targets = (
				630BF0361BF1DC1F002D36B5 /* Lab7 */,
				630BF04F1BF1DC20002D36B5 /* Lab7Tests */,
				630BF05A1BF1DC20002D36B5 /* Lab7UITests */,
			);
		};
/* End PBXProject section */

/* Begin PBXResourcesBuildPhase section */
		630BF0351BF1DC1F002D36B5 /* Resources */ = {
			isa = PBXResourcesBuildPhase;
			buildActionMask = 2147483647;
			files = (
				630BF04A1BF1DC1F002D36B5 /* LaunchScreen.storyboard in Resources */,
				632084431BF3CE3D0066715F /* Places.plist in Resources */,
				630BF0471BF1DC1F002D36B5 /* Assets.xcassets in Resources */,
				630BF0451BF1DC1F002D36B5 /* Main.storyboard in Resources */,
			);
			runOnlyForDeploymentPostprocessing = 0;
		};
		630BF04E1BF1DC20002D36B5 /* Resources */ = {
			isa = PBXResourcesBuildPhase;
			buildActionMask = 2147483647;
			files = (
			);
			runOnlyForDeploymentPostprocessing = 0;
		};
		630BF0591BF1DC20002D36B5 /* Resources */ = {
			isa = PBXResourcesBuildPhase;
			buildActionMask = 2147483647;
			files = (
			);
			runOnlyForDeploymentPostprocessing = 0;
		};
/* End PBXResourcesBuildPhase section */

/* Begin PBXSourcesBuildPhase section */
		630BF0331BF1DC1F002D36B5 /* Sources */ = {
			isa = PBXSourcesBuildPhase;
			buildActionMask = 2147483647;
			files = (
				630BF0741BF2BF27002D36B5 /* PlacesModel.m in Sources */,
				630BF03F1BF1DC1F002D36B5 /* AppDelegate.m in Sources */,
				632084361BF3C0E10066715F /* CollectionViewController.m in Sources */,
				633AE7AA1BF3FC4D00806F9C /* PlaceDetailViewController.m in Sources */,
				632084461BF3DAE60066715F /* PlaceCollectionViewCell.m in Sources */,
				630BF03C1BF1DC1F002D36B5 /* main.m in Sources */,
			);
			runOnlyForDeploymentPostprocessing = 0;
		};
		630BF04C1BF1DC20002D36B5 /* Sources */ = {
			isa = PBXSourcesBuildPhase;
			buildActionMask = 2147483647;
			files = (
				630BF0551BF1DC20002D36B5 /* Lab7Tests.m in Sources */,
			);
			runOnlyForDeploymentPostprocessing = 0;
		};
		630BF0571BF1DC20002D36B5 /* Sources */ = {
			isa = PBXSourcesBuildPhase;
			buildActionMask = 2147483647;
			files = (
				630BF0601BF1DC20002D36B5 /* Lab7UITests.m in Sources */,
			);
			runOnlyForDeploymentPostprocessing = 0;
		};
/* End PBXSourcesBuildPhase section */

/* Begin PBXTargetDependency section */
		630BF0521BF1DC20002D36B5 /* PBXTargetDependency */ = {
			isa = PBXTargetDependency;
			target = 630BF0361BF1DC1F002D36B5 /* Lab7 */;
			targetProxy = 630BF0511BF1DC20002D36B5 /* PBXContainerItemProxy */;
		};
		630BF05D1BF1DC20002D36B5 /* PBXTargetDependency */ = {
			isa = PBXTargetDependency;
			target = 630BF0361BF1DC1F002D36B5 /* Lab7 */;
			targetProxy = 630BF05C1BF1DC20002D36B5 /* PBXContainerItemProxy */;
		};
/* End PBXTargetDependency section */

/* Begin PBXVariantGroup section */
		630BF0431BF1DC1F002D36B5 /* Main.storyboard */ = {
			isa = PBXVariantGroup;
			children = (
				630BF0441BF1DC1F002D36B5 /* Base */,
			);
			name = Main.storyboard;
			sourceTree = "<group>";
		};
		630BF0481BF1DC1F002D36B5 /* LaunchScreen.storyboard */ = {
			isa = PBXVariantGroup;
			children = (
				630BF0491BF1DC1F002D36B5 /* Base */,
			);
			name = LaunchScreen.storyboard;
			sourceTree = "<group>";
		};
/* End PBXVariantGroup section */

/* Begin XCBuildConfiguration section */
		630BF0621BF1DC20002D36B5 /* Debug */ = {
			isa = XCBuildConfiguration;
			buildSettings = {
				ALWAYS_SEARCH_USER_PATHS = NO;
				CLANG_CXX_LANGUAGE_STANDARD = "gnu++0x";
				CLANG_CXX_LIBRARY = "libc++";
				CLANG_ENABLE_MODULES = YES;
				CLANG_ENABLE_OBJC_ARC = YES;
				CLANG_WARN_BOOL_CONVERSION = YES;
				CLANG_WARN_CONSTANT_CONVERSION = YES;
				CLANG_WARN_DIRECT_OBJC_ISA_USAGE = YES_ERROR;
				CLANG_WARN_EMPTY_BODY = YES;
				CLANG_WARN_ENUM_CONVERSION = YES;
				CLANG_WARN_INT_CONVERSION = YES;
				CLANG_WARN_OBJC_ROOT_CLASS = YES_ERROR;
				CLANG_WARN_UNREACHABLE_CODE = YES;
				CLANG_WARN__DUPLICATE_METHOD_MATCH = YES;
				"CODE_SIGN_IDENTITY[sdk=iphoneos*]" = "iPhone Developer";
				COPY_PHASE_STRIP = NO;
				DEBUG_INFORMATION_FORMAT = dwarf;
				ENABLE_STRICT_OBJC_MSGSEND = YES;
				ENABLE_TESTABILITY = YES;
				GCC_C_LANGUAGE_STANDARD = gnu99;
				GCC_DYNAMIC_NO_PIC = NO;
				GCC_NO_COMMON_BLOCKS = YES;
				GCC_OPTIMIZATION_LEVEL = 0;
				GCC_PREPROCESSOR_DEFINITIONS = (
					"DEBUG=1",
					"$(inherited)",
				);
				GCC_WARN_64_TO_32_BIT_CONVERSION = YES;
				GCC_WARN_ABOUT_RETURN_TYPE = YES_ERROR;
				GCC_WARN_UNDECLARED_SELECTOR = YES;
				GCC_WARN_UNINITIALIZED_AUTOS = YES_AGGRESSIVE;
				GCC_WARN_UNUSED_FUNCTION = YES;
				GCC_WARN_UNUSED_VARIABLE = YES;
				IPHONEOS_DEPLOYMENT_TARGET = 9.1;
				MTL_ENABLE_DEBUG_INFO = YES;
				ONLY_ACTIVE_ARCH = YES;
				SDKROOT = iphoneos;
			};
			name = Debug;
		};
		630BF0631BF1DC20002D36B5 /* Release */ = {
			isa = XCBuildConfiguration;
			buildSettings = {
				ALWAYS_SEARCH_USER_PATHS = NO;
				CLANG_CXX_LANGUAGE_STANDARD = "gnu++0x";
				CLANG_CXX_LIBRARY = "libc++";
				CLANG_ENABLE_MODULES = YES;
				CLANG_ENABLE_OBJC_ARC = YES;
				CLANG_WARN_BOOL_CONVERSION = YES;
				CLANG_WARN_CONSTANT_CONVERSION = YES;
				CLANG_WARN_DIRECT_OBJC_ISA_USAGE = YES_ERROR;
				CLANG_WARN_EMPTY_BODY = YES;
				CLANG_WARN_ENUM_CONVERSION = YES;
				CLANG_WARN_INT_CONVERSION = YES;
				CLANG_WARN_OBJC_ROOT_CLASS = YES_ERROR;
				CLANG_WARN_UNREACHABLE_CODE = YES;
				CLANG_WARN__DUPLICATE_METHOD_MATCH = YES;
				"CODE_SIGN_IDENTITY[sdk=iphoneos*]" = "iPhone Developer";
				COPY_PHASE_STRIP = NO;
				DEBUG_INFORMATION_FORMAT = "dwarf-with-dsym";
				ENABLE_NS_ASSERTIONS = NO;
				ENABLE_STRICT_OBJC_MSGSEND = YES;
				GCC_C_LANGUAGE_STANDARD = gnu99;
				GCC_NO_COMMON_BLOCKS = YES;
				GCC_WARN_64_TO_32_BIT_CONVERSION = YES;
				GCC_WARN_ABOUT_RETURN_TYPE = YES_ERROR;
				GCC_WARN_UNDECLARED_SELECTOR = YES;
				GCC_WARN_UNINITIALIZED_AUTOS = YES_AGGRESSIVE;
				GCC_WARN_UNUSED_FUNCTION = YES;
				GCC_WARN_UNUSED_VARIABLE = YES;
				IPHONEOS_DEPLOYMENT_TARGET = 9.1;
				MTL_ENABLE_DEBUG_INFO = NO;
				SDKROOT = iphoneos;
				VALIDATE_PRODUCT = YES;
			};
			name = Release;
		};
		630BF0651BF1DC20002D36B5 /* Debug */ = {
			isa = XCBuildConfiguration;
			buildSettings = {
				ASSETCATALOG_COMPILER_APPICON_NAME = AppIcon;
				INFOPLIST_FILE = Lab7/Info.plist;
				IPHONEOS_DEPLOYMENT_TARGET = 9.1;
				LD_RUNPATH_SEARCH_PATHS = "$(inherited) @executable_path/Frameworks";
				PRODUCT_BUNDLE_IDENTIFIER = edu.usc.Lab7;
				PRODUCT_NAME = "$(TARGET_NAME)";
			};
			name = Debug;
		};
		630BF0661BF1DC20002D36B5 /* Release */ = {
			isa = XCBuildConfiguration;
			buildSettings = {
				ASSETCATALOG_COMPILER_APPICON_NAME = AppIcon;
				INFOPLIST_FILE = Lab7/Info.plist;
				IPHONEOS_DEPLOYMENT_TARGET = 9.1;
				LD_RUNPATH_SEARCH_PATHS = "$(inherited) @executable_path/Frameworks";
				PRODUCT_BUNDLE_IDENTIFIER = edu.usc.Lab7;
				PRODUCT_NAME = "$(TARGET_NAME)";
			};
			name = Release;
		};
		630BF0681BF1DC20002D36B5 /* Debug */ = {
			isa = XCBuildConfiguration;
			buildSettings = {
				BUNDLE_LOADER = "$(TEST_HOST)";
				INFOPLIST_FILE = Lab7Tests/Info.plist;
				LD_RUNPATH_SEARCH_PATHS = "$(inherited) @executable_path/Frameworks @loader_path/Frameworks";
				PRODUCT_BUNDLE_IDENTIFIER = edu.usc.Lab7Tests;
				PRODUCT_NAME = "$(TARGET_NAME)";
				TEST_HOST = "$(BUILT_PRODUCTS_DIR)/Lab7.app/Lab7";
			};
			name = Debug;
		};
		630BF0691BF1DC20002D36B5 /* Release */ = {
			isa = XCBuildConfiguration;
			buildSettings = {
				BUNDLE_LOADER = "$(TEST_HOST)";
				INFOPLIST_FILE = Lab7Tests/Info.plist;
				LD_RUNPATH_SEARCH_PATHS = "$(inherited) @executable_path/Frameworks @loader_path/Frameworks";
				PRODUCT_BUNDLE_IDENTIFIER = edu.usc.Lab7Tests;
				PRODUCT_NAME = "$(TARGET_NAME)";
				TEST_HOST = "$(BUILT_PRODUCTS_DIR)/Lab7.app/Lab7";
			};
			name = Release;
		};
		630BF06B1BF1DC20002D36B5 /* Debug */ = {
			isa = XCBuildConfiguration;
			buildSettings = {
				INFOPLIST_FILE = Lab7UITests/Info.plist;
				LD_RUNPATH_SEARCH_PATHS = "$(inherited) @executable_path/Frameworks @loader_path/Frameworks";
				PRODUCT_BUNDLE_IDENTIFIER = edu.usc.Lab7UITests;
				PRODUCT_NAME = "$(TARGET_NAME)";
				TEST_TARGET_NAME = Lab7;
				USES_XCTRUNNER = YES;
			};
			name = Debug;
		};
		630BF06C1BF1DC20002D36B5 /* Release */ = {
			isa = XCBuildConfiguration;
			buildSettings = {
				INFOPLIST_FILE = Lab7UITests/Info.plist;
				LD_RUNPATH_SEARCH_PATHS = "$(inherited) @executable_path/Frameworks @loader_path/Frameworks";
				PRODUCT_BUNDLE_IDENTIFIER = edu.usc.Lab7UITests;
				PRODUCT_NAME = "$(TARGET_NAME)";
				TEST_TARGET_NAME = Lab7;
				USES_XCTRUNNER = YES;
			};
			name = Release;
		};
/* End XCBuildConfiguration section */

/* Begin XCConfigurationList section */
		630BF0321BF1DC1F002D36B5 /* Build configuration list for PBXProject "Lab7" */ = {
			isa = XCConfigurationList;
			buildConfigurations = (
				630BF0621BF1DC20002D36B5 /* Debug */,
				630BF0631BF1DC20002D36B5 /* Release */,
			);
			defaultConfigurationIsVisible = 0;
			defaultConfigurationName = Release;
		};
		630BF0641BF1DC20002D36B5 /* Build configuration list for PBXNativeTarget "Lab7" */ = {
			isa = XCConfigurationList;
			buildConfigurations = (
				630BF0651BF1DC20002D36B5 /* Debug */,
				630BF0661BF1DC20002D36B5 /* Release */,
			);
			defaultConfigurationIsVisible = 0;
			defaultConfigurationName = Release;
		};
		630BF0671BF1DC20002D36B5 /* Build configuration list for PBXNativeTarget "Lab7Tests" */ = {
			isa = XCConfigurationList;
			buildConfigurations = (
				630BF0681BF1DC20002D36B5 /* Debug */,
				630BF0691BF1DC20002D36B5 /* Release */,
			);
			defaultConfigurationIsVisible = 0;
			defaultConfigurationName = Release;
		};
		630BF06A1BF1DC20002D36B5 /* Build configuration list for PBXNativeTarget "Lab7UITests" */ = {
			isa = XCConfigurationList;
			buildConfigurations = (
				630BF06B1BF1DC20002D36B5 /* Debug */,
				630BF06C1BF1DC20002D36B5 /* Release */,
			);
			defaultConfigurationIsVisible = 0;
			defaultConfigurationName = Release;
		};
/* End XCConfigurationList section */
	};
	rootObject = 630BF02F1BF1DC1F002D36B5 /* Project object */;
}
